PODS:
  - FlutterMacOS (1.0.0)
  - nobodywho (0.1.0):
    - FlutterMacOS

DEPENDENCIES:
  - FlutterMacOS (from `Flutter/ephemeral`)
  - nobodywho (from `Flutter/ephemeral/.symlinks/plugins/nobodywho/macos`)

EXTERNAL SOURCES:
  FlutterMacOS:
    :path: Flutter/ephemeral
  nobodywho:
    :path: Flutter/ephemeral/.symlinks/plugins/nobodywho/macos

SPEC CHECKSUMS:
  FlutterMacOS: d0db08ddef1a9af05a5ec4b724367152bb0500b1
  nobodywho: 0ff12a4f2d79d9075ce4009c5ff6a0e64ba2af17

PODFILE CHECKSUM: 54d867c82ac51cbd61b565781b9fada492027009

COCOAPODS: 1.16.2
