PODS:
  - Flutter (1.0.0)
  - nobodywho (0.1.0):
    - Flutter

DEPENDENCIES:
  - Flutter (from `Flutter`)
  - nobodywho (from `.symlinks/plugins/nobodywho/ios`)

EXTERNAL SOURCES:
  Flutter:
    :path: Flutter
  nobodywho:
    :path: ".symlinks/plugins/nobodywho/ios"

SPEC CHECKSUMS:
  Flutter: cabc95a1d2626b1b06e7179b784ebcf0c0cde467
  nobodywho: 597ba4b9464b4d42ea71a9ea901d3344dbc566ba

PODFILE CHECKSUM: 27251b55b29d0738bd5fc466d988a78c7fd10a4b

COCOAPODS: 1.16.2
